
Microsoft Visual Studio Solution File, Format Version 12.00
# Visual Studio Version 16
VisualStudioVersion = 16.0.31829.152
MinimumVisualStudioVersion = 10.0.40219.1
Project("{8BC9CEB8-8B4A-11D0-8D11-00A0C91BC942}") = "2581", "2581\2581.vcxproj", "{DFE2D565-A6DA-439F-A472-802C4E4CD7DF}"
EndProject
Global
	GlobalSection(SolutionConfigurationPlatforms) = preSolution
		Debug|x64 = Debug|x64
		Debug|x86 = Debug|x86
		Release|x64 = Release|x64
		Release|x86 = Release|x86
	EndGlobalSection
	GlobalSection(ProjectConfigurationPlatforms) = postSolution
		{DFE2D565-A6DA-439F-A472-802C4E4CD7DF}.Debug|x64.ActiveCfg = Debug|x64
		{DFE2D565-A6DA-439F-A472-802C4E4CD7DF}.Debug|x64.Build.0 = Debug|x64
		{DFE2D565-A6DA-439F-A472-802C4E4CD7DF}.Debug|x86.ActiveCfg = Debug|Win32
		{DFE2D565-A6DA-439F-A472-802C4E4CD7DF}.Debug|x86.Build.0 = Debug|Win32
		{DFE2D565-A6DA-439F-A472-802C4E4CD7DF}.Release|x64.ActiveCfg = Release|x64
		{DFE2D565-A6DA-439F-A472-802C4E4CD7DF}.Release|x64.Build.0 = Release|x64
		{DFE2D565-A6DA-439F-A472-802C4E4CD7DF}.Release|x86.ActiveCfg = Release|Win32
		{DFE2D565-A6DA-439F-A472-802C4E4CD7DF}.Release|x86.Build.0 = Release|Win32
	EndGlobalSection
	GlobalSection(SolutionProperties) = preSolution
		HideSolutionNode = FALSE
	EndGlobalSection
	GlobalSection(ExtensibilityGlobals) = postSolution
		SolutionGuid = {B3944B13-4113-4037-94AD-9CF86C63946A}
	EndGlobalSection
EndGlobal
