
Microsoft Visual Studio Solution File, Format Version 12.00
# Visual Studio Version 16
VisualStudioVersion = 16.0.31829.152
MinimumVisualStudioVersion = 10.0.40219.1
Project("{8BC9CEB8-8B4A-11D0-8D11-00A0C91BC942}") = "9020", "9020\9020.vcxproj", "{CA2881A5-5CB5-45C4-879B-BB98BBA21BC7}"
EndProject
Global
	GlobalSection(SolutionConfigurationPlatforms) = preSolution
		Debug|x64 = Debug|x64
		Debug|x86 = Debug|x86
		Release|x64 = Release|x64
		Release|x86 = Release|x86
	EndGlobalSection
	GlobalSection(ProjectConfigurationPlatforms) = postSolution
		{CA2881A5-5CB5-45C4-879B-BB98BBA21BC7}.Debug|x64.ActiveCfg = Debug|x64
		{CA2881A5-5CB5-45C4-879B-BB98BBA21BC7}.Debug|x64.Build.0 = Debug|x64
		{CA2881A5-5CB5-45C4-879B-BB98BBA21BC7}.Debug|x86.ActiveCfg = Debug|Win32
		{CA2881A5-5CB5-45C4-879B-BB98BBA21BC7}.Debug|x86.Build.0 = Debug|Win32
		{CA2881A5-5CB5-45C4-879B-BB98BBA21BC7}.Release|x64.ActiveCfg = Release|x64
		{CA2881A5-5CB5-45C4-879B-BB98BBA21BC7}.Release|x64.Build.0 = Release|x64
		{CA2881A5-5CB5-45C4-879B-BB98BBA21BC7}.Release|x86.ActiveCfg = Release|Win32
		{CA2881A5-5CB5-45C4-879B-BB98BBA21BC7}.Release|x86.Build.0 = Release|Win32
	EndGlobalSection
	GlobalSection(SolutionProperties) = preSolution
		HideSolutionNode = FALSE
	EndGlobalSection
	GlobalSection(ExtensibilityGlobals) = postSolution
		SolutionGuid = {0D599622-89E5-44AB-8A12-89639A6FE45C}
	EndGlobalSection
EndGlobal
